{
    "_meta": {
        "hash": {
            "sha256": "057ab67c063ab76c1d26da360984f8bdf0893c4a88bd4c2721a87484348f53fa"
        },
        "pipfile-spec": 6,
        "requires": {
            "python_version": "3.11"
        },
        "sources": [
            {
                "name": "pypi",
                "url": "https://pypi.org/simple",
                "verify_ssl": true
            }
        ]
    },
    "default": {
        "sqlalchemy": {
            "hashes": [
                "sha256:0133394aec83d88e65aee7e4e665223b0b96e5aac4ecf060475e0d3bb38e7e55",
                "sha256:02eb8f9519c7b91c34b169e2bd97c30dca215826710d6be784e54995d999cc3d",
                "sha256:07e12e63e98f34a1f529adc8931f7909148aca9809686e922f782f54e9d194fa",
                "sha256:0ab88dfd38bfd05b9c5e7ca685c4a41bc7a2ec7cd263e199679903d41ea0b08c",
                "sha256:0c60418ed2b9f27b4f47766994d5cfc43c812eb62e146660daf454965bd7a0b3",
                "sha256:0ff16ff5e943cdbd65242756d430df4c98bd9296f78fcf6e30eb8bee62d13ec2",
                "sha256:17fad5ba55f92fd1646aa7d97f96b635d50051ce33791e53d39b5310f87f189f",
                "sha256:1d08d4e48564b732f7372a2fce52bbdd558ae54b578a08648b5b27429582cc20",
                "sha256:1e15c629b7099ffb10e8cc27456b98d5a3759b6a5b0e6fc77fc8252565641a3d",
                "sha256:1f640d189c9a462550d6c6e1b23a29f98db0c7d2eb283867e28a22a9177d92d5",
                "sha256:28104b37cafe8c5f83c0831d2e057e7043501420b8853f9a731245c60a9dfd2e",
                "sha256:29bb560d8c4a53816d271275c1f76055c8aafe1a7c7582b0fe6f3de93feb26d0",
                "sha256:3192d9af656d0fc1b07351f0ac13a84bb679f40f918234e54cbcc36af11766fe",
                "sha256:343999f56ac5adf90c9e9b005470291862188308e49d51e453605f30b172938c",
                "sha256:35bc474ca96f9b0177bb81e24024a1390d7577930fab67f276987caeb860e35d",
                "sha256:38fe1e92798b6fd34891b86094814c6aeed81e2b4b1ee3311d5e85b1ba0c5dea",
                "sha256:3e8714aba7cd67b09f0c249e03fd1e244113e37f0e3320393f5d8a9574aeedc8",
                "sha256:40a166b7820b13667d72adaa46575bfb04f6dd417a1a07289fa7e94cdb2fb838",
                "sha256:47676ec13cd42affb087536e7445440e1f1c5445214496c2155bcba1c2493200",
                "sha256:49656ede1328954521278a16b176cf977ba681451dab49344f596d9c697fbe02",
                "sha256:4ed849702dd83f7db68b4380aa13cc9739b4656f13cb7de4e3a9f5884c92e0f7",
                "sha256:541caec6f148b8d8410adcc1d0db5cc24d39995446db237d390882bb9f256c5f",
                "sha256:57f405fe44cd3a7785a014c62369df138ea95dd3b2887090aad9b24ea093f6e6",
                "sha256:5bf749cb1bf707d5d9f8af78c4ebfd3b1e2e69eab46ab6f74a22720792302481",
                "sha256:5fb8d24020f7ae5f1b08f222eacd09643b7c63a0b385c64333a41e177351f12c",
                "sha256:68a584e37b2b582047ebf60d0975ef8f6f80cffa6221a392a73ee9bc46fa7c7e",
                "sha256:7c53cdf387bb9c52601e4266b47f8fda4c8cffbdb4169eccf50cc750e6f80d29",
                "sha256:86165070c4d0fa0d3a4fe57879ffc817d75cff23f73cf1f8f6fabaee31cb9b5c",
                "sha256:93457c593bb74d4cc5982a6f2b5f2719033232dd219f807caf5524419ae22981",
                "sha256:93ce5c23971ec0a021fd0aaab96be73053f2f7226849f1dd4b25e933a2493831",
                "sha256:a0661809504c2d4339f5f2fd5170537f43b2bdde71fa29e87bd9905a2cb5d490",
                "sha256:a37a7a4cea0dced9640b64a092380b811b1670b664ac95115e85536ff8cbae36",
                "sha256:bf6326ed3f973cb28271d3366fec7db18f3639f005f3febf4c1ec64c71404954",
                "sha256:c2ee253256330e9a6aed62c119b11ebbe7d65efe3e83cd8c43c35c719c1cfb83",
                "sha256:ccdcf866f4cab9487a845cb3ab7f6b3d81539af146481e9dd1a5c77c85a82d6a",
                "sha256:dc34366c5c802836b0160c087a6cf8dbbed810654fde1b7d4fa19a9c93ac179d",
                "sha256:dfb3aba32cc442324d29e293b2dfae2d5931ae9ca0a733d2cb9064190b14451b",
                "sha256:e572557e2f6ce617c3354e69e3f20772a6d1fa9375fb0a3a6559050f27c6f2b7",
                "sha256:f28ee1d4ada7493e1128f8ee9c2b0cacef19ca3d4b6ab52d6858eb9201fc71c5",
                "sha256:f755808766fe3084dbf6907da03182c4ad848ea36906a06f2ee2a6e06dfcc0b7",
                "sha256:fa434058577de8b2fa3f710afa147cbecc45929216e78802215bdd515a98e4de"
            ],
            "index": "pypi",
            "version": "==2.0.0b4"
        },
        "typing-extensions": {
            "hashes": [
                "sha256:1511434bb92bf8dd198c12b1cc812e800d4181cfcb867674e0f8279cc93087aa",
                "sha256:16fa4864408f655d35ec496218b85f79b3437c829e93320c7c9215ccfd92489e"
            ],
            "markers": "python_version >= '3.7'",
            "version": "==4.4.0"
        }
    },
    "develop": {}
}
